
Microsoft Visual Studio Solution File, Format Version 12.00
# Visual Studio Version 17
VisualStudioVersion = 17.5.002.0
MinimumVisualStudioVersion = 10.0.40219.1
Project("{9A19103F-16F7-4668-BE54-9A1E7A4F7556}") = "ConsoleAppFrozenDictionary", "ConsoleAppFrozenDictionary.csproj", "{40095BEC-5C9A-48CC-A6A4-2C554484A693}"
EndProject
Global
	GlobalSection(SolutionConfigurationPlatforms) = preSolution
		Debug|Any CPU = Debug|Any CPU
		Release|Any CPU = Release|Any CPU
	EndGlobalSection
	GlobalSection(ProjectConfigurationPlatforms) = postSolution
		{40095BEC-5C9A-48CC-A6A4-2C554484A693}.Debug|Any CPU.ActiveCfg = Debug|Any CPU
		{40095BEC-5C9A-48CC-A6A4-2C554484A693}.Debug|Any CPU.Build.0 = Debug|Any CPU
		{40095BEC-5C9A-48CC-A6A4-2C554484A693}.Release|Any CPU.ActiveCfg = Release|Any CPU
		{40095BEC-5C9A-48CC-A6A4-2C554484A693}.Release|Any CPU.Build.0 = Release|Any CPU
	EndGlobalSection
	GlobalSection(SolutionProperties) = preSolution
		HideSolutionNode = FALSE
	EndGlobalSection
	GlobalSection(ExtensibilityGlobals) = postSolution
		SolutionGuid = {F6E73FB1-5AC3-44FA-AE1B-55E6C2EF1373}
	EndGlobalSection
EndGlobal
